
Microsoft Visual Studio Solution File, Format Version 12.00
# Visual Studio Version 17
VisualStudioVersion = 17.2.32526.322
MinimumVisualStudioVersion = 10.0.40219.1
Project("{50B29F24-E54E-48FE-9E76-1FAF2A39ED7B}") = "fmp-xtc-visionlayout-lib-mvcs", "fmp-xtc-visionlayout-lib-mvcs\fmp-xtc-visionlayout-lib-mvcs.csproj", "{B9FD5660-DAFF-42F4-8F62-9901DBD3C38D}"
EndProject
Project("{50B29F24-E54E-48FE-9E76-1FAF2A39ED7B}") = "fmp-xtc-visionlayout-lib-mvcs_Test", "fmp-xtc-visionlayout-lib-mvcs_Test\fmp-xtc-visionlayout-lib-mvcs_Test.csproj", "{A7CE0C59-DDB4-420D-999F-D778F482E0E6}"
EndProject
Project("{50B29F24-E54E-48FE-9E76-1FAF2A39ED7B}") = "fmp-xtc-visionlayout-lib-proto", "fmp-xtc-visionlayout-lib-proto\fmp-xtc-visionlayout-lib-proto.csproj", "{2C16913A-C45C-481B-93C6-445A1D20B61F}"
EndProject
Project("{50B29F24-E54E-48FE-9E76-1FAF2A39ED7B}") = "fmp-xtc-visionlayout-lib-bridge", "fmp-xtc-visionlayout-lib-bridge\fmp-xtc-visionlayout-lib-bridge.csproj", "{5E1DED88-CBFB-47D2-AE75-467766461A29}"
EndProject
Project("{50B29F24-E54E-48FE-9E76-1FAF2A39ED7B}") = "fmp-xtc-visionlayout-lib-razor", "fmp-xtc-visionlayout-lib-razor\fmp-xtc-visionlayout-lib-razor.csproj", "{37D82F89-D44F-40A4-B61F-97ACF4457996}"
EndProject
Project("{50B29F24-E54E-48FE-9E76-1FAF2A39ED7B}") = "fmp-xtc-visionlayout-service-grpc", "fmp-xtc-visionlayout-service-grpc\fmp-xtc-visionlayout-service-grpc.csproj", "{D9E3E3BC-AD87-41AD-AF6B-CE262EAFDEDD}"
EndProject
Project("{50B29F24-E54E-48FE-9E76-1FAF2A39ED7B}") = "fmp-xtc-visionlayout-service-grpc_Test", "fmp-xtc-visionlayout-service-grpc_Test\fmp-xtc-visionlayout-service-grpc_Test.csproj", "{22E01A77-2F91-4C4C-AA4F-41A7CF696D78}"
EndProject
Project("{50B29F24-E54E-48FE-9E76-1FAF2A39ED7B}") = "fmp-xtc-visionlayout-web-blazor", "fmp-xtc-visionlayout-web-blazor\fmp-xtc-visionlayout-web-blazor.csproj", "{8F3C9C78-7BBC-41C2-8FB3-490638BA7424}"
EndProject
Global
	GlobalSection(SolutionConfigurationPlatforms) = preSolution
		Debug|Any CPU = Debug|Any CPU
		Release|Any CPU = Release|Any CPU
	EndGlobalSection
	GlobalSection(ProjectConfigurationPlatforms) = postSolution
                {B9FD5660-DAFF-42F4-8F62-9901DBD3C38D}.Debug|Any CPU.ActiveCfg = Debug|Any CPU
		{B9FD5660-DAFF-42F4-8F62-9901DBD3C38D}.Debug|Any CPU.Build.0 = Debug|Any CPU
		{B9FD5660-DAFF-42F4-8F62-9901DBD3C38D}.Release|Any CPU.ActiveCfg = Release|Any CPU
		{B9FD5660-DAFF-42F4-8F62-9901DBD3C38D}.Release|Any CPU.Build.0 = Release|Any CPU
		{A7CE0C59-DDB4-420D-999F-D778F482E0E6}.Debug|Any CPU.ActiveCfg = Debug|Any CPU
		{A7CE0C59-DDB4-420D-999F-D778F482E0E6}.Debug|Any CPU.Build.0 = Debug|Any CPU
		{A7CE0C59-DDB4-420D-999F-D778F482E0E6}.Release|Any CPU.ActiveCfg = Release|Any CPU
		{A7CE0C59-DDB4-420D-999F-D778F482E0E6}.Release|Any CPU.Build.0 = Release|Any CPU
		{2C16913A-C45C-481B-93C6-445A1D20B61F}.Debug|Any CPU.ActiveCfg = Debug|Any CPU
		{2C16913A-C45C-481B-93C6-445A1D20B61F}.Debug|Any CPU.Build.0 = Debug|Any CPU
		{2C16913A-C45C-481B-93C6-445A1D20B61F}.Release|Any CPU.ActiveCfg = Release|Any CPU
		{2C16913A-C45C-481B-93C6-445A1D20B61F}.Release|Any CPU.Build.0 = Release|Any CPU
		{D9E3E3BC-AD87-41AD-AF6B-CE262EAFDEDD}.Debug|Any CPU.ActiveCfg = Debug|Any CPU
		{D9E3E3BC-AD87-41AD-AF6B-CE262EAFDEDD}.Debug|Any CPU.Build.0 = Debug|Any CPU
		{D9E3E3BC-AD87-41AD-AF6B-CE262EAFDEDD}.Release|Any CPU.ActiveCfg = Release|Any CPU
		{D9E3E3BC-AD87-41AD-AF6B-CE262EAFDEDD}.Release|Any CPU.Build.0 = Release|Any CPU
		{5E1DED88-CBFB-47D2-AE75-467766461A29}.Debug|Any CPU.ActiveCfg = Debug|Any CPU
		{5E1DED88-CBFB-47D2-AE75-467766461A29}.Debug|Any CPU.Build.0 = Debug|Any CPU
		{5E1DED88-CBFB-47D2-AE75-467766461A29}.Release|Any CPU.ActiveCfg = Release|Any CPU
		{5E1DED88-CBFB-47D2-AE75-467766461A29}.Release|Any CPU.Build.0 = Release|Any CPU
		{8F3C9C78-7BBC-41C2-8FB3-490638BA7424}.Debug|Any CPU.ActiveCfg = Debug|Any CPU
		{8F3C9C78-7BBC-41C2-8FB3-490638BA7424}.Debug|Any CPU.Build.0 = Debug|Any CPU
		{8F3C9C78-7BBC-41C2-8FB3-490638BA7424}.Release|Any CPU.ActiveCfg = Release|Any CPU
		{8F3C9C78-7BBC-41C2-8FB3-490638BA7424}.Release|Any CPU.Build.0 = Release|Any CPU
		{37D82F89-D44F-40A4-B61F-97ACF4457996}.Debug|Any CPU.ActiveCfg = Debug|Any CPU
		{37D82F89-D44F-40A4-B61F-97ACF4457996}.Debug|Any CPU.Build.0 = Debug|Any CPU
		{37D82F89-D44F-40A4-B61F-97ACF4457996}.Release|Any CPU.ActiveCfg = Release|Any CPU
		{37D82F89-D44F-40A4-B61F-97ACF4457996}.Release|Any CPU.Build.0 = Release|Any CPU
		{22E01A77-2F91-4C4C-AA4F-41A7CF696D78}.Debug|Any CPU.ActiveCfg = Debug|Any CPU
		{22E01A77-2F91-4C4C-AA4F-41A7CF696D78}.Debug|Any CPU.Build.0 = Debug|Any CPU
		{22E01A77-2F91-4C4C-AA4F-41A7CF696D78}.Release|Any CPU.ActiveCfg = Release|Any CPU
		{22E01A77-2F91-4C4C-AA4F-41A7CF696D78}.Release|Any CPU.Build.0 = Release|Any CPU
	EndGlobalSection
	GlobalSection(SolutionProperties) = preSolution
		HideSolutionNode = FALSE
	EndGlobalSection
	GlobalSection(ExtensibilityGlobals) = postSolution
		SolutionGuid = {50B29F24-E54E-48FE-9E76-1FAF2A39ED7B}
	EndGlobalSection
EndGlobal
